// !$*UTF8*$!
{
	archiveVersion = 1;
	classes = {
	};
	objectVersion = 56;
	objects = {

/* Begin PBXBuildFile section */
		F175E5BD2A1AC93200206423 /* Brick.swift in Sources */ = {isa = PBXBuildFile; fileRef = F175E5BC2A1AC93200206423 /* Brick.swift */; };
		F175E5BF2A1AC96900206423 /* Paddle.swift in Sources */ = {isa = PBXBuildFile; fileRef = F175E5BE2A1AC96900206423 /* Paddle.swift */; };
		F175E5C12A1AC97100206423 /* PowerUp.swift in Sources */ = {isa = PBXBuildFile; fileRef = F175E5C02A1AC97100206423 /* PowerUp.swift */; };
		F175E5C32A1AC98600206423 /* PowerDown.swift in Sources */ = {isa = PBXBuildFile; fileRef = F175E5C22A1AC98600206423 /* PowerDown.swift */; };
		F175E5C52A1AC99000206423 /* Game.swift in Sources */ = {isa = PBXBuildFile; fileRef = F175E5C42A1AC99000206423 /* Game.swift */; };
		F175E5C72A1AC99B00206423 /* Ball.swift in Sources */ = {isa = PBXBuildFile; fileRef = F175E5C62A1AC99B00206423 /* Ball.swift */; };
		F175E5CB2A1AC9D300206423 /* GameController.swift in Sources */ = {isa = PBXBuildFile; fileRef = F175E5CA2A1AC9D300206423 /* GameController.swift */; };
		F175E5CD2A1AC9E600206423 /* MenuView.swift in Sources */ = {isa = PBXBuildFile; fileRef = F175E5CC2A1AC9E600206423 /* MenuView.swift */; };
		F175E5CF2A1AC9F300206423 /* SettingsView.swift in Sources */ = {isa = PBXBuildFile; fileRef = F175E5CE2A1AC9F300206423 /* SettingsView.swift */; };
		F175E5D12A1ACAA700206423 /* PaddleView.sks in Resources */ = {isa = PBXBuildFile; fileRef = F175E5D02A1ACAA700206423 /* PaddleView.sks */; };
		F175E5D32A1ACAB500206423 /* PaddleView.swift in Sources */ = {isa = PBXBuildFile; fileRef = F175E5D22A1ACAB500206423 /* PaddleView.swift */; };
		F175E5D52A1ACAC400206423 /* BallView.swift in Sources */ = {isa = PBXBuildFile; fileRef = F175E5D42A1ACAC400206423 /* BallView.swift */; };
		F175E5D72A1ACACD00206423 /* BrickView.swift in Sources */ = {isa = PBXBuildFile; fileRef = F175E5D62A1ACACD00206423 /* BrickView.swift */; };
		F175E5D92A1ACAD700206423 /* PowerUpView.swift in Sources */ = {isa = PBXBuildFile; fileRef = F175E5D82A1ACAD700206423 /* PowerUpView.swift */; };
		F175E5DB2A1ACADF00206423 /* PowerDownView.swift in Sources */ = {isa = PBXBuildFile; fileRef = F175E5DA2A1ACADF00206423 /* PowerDownView.swift */; };
		F175E5DD2A1ACAF400206423 /* BallView.sks in Resources */ = {isa = PBXBuildFile; fileRef = F175E5DC2A1ACAF400206423 /* BallView.sks */; };
		F175E5DF2A1ACB0800206423 /* BrickView.sks in Resources */ = {isa = PBXBuildFile; fileRef = F175E5DE2A1ACB0800206423 /* BrickView.sks */; };
		F175E5E12A1ACB1F00206423 /* PowerUpView.sks in Resources */ = {isa = PBXBuildFile; fileRef = F175E5E02A1ACB1F00206423 /* PowerUpView.sks */; };
		F175E5E32A1ACB2E00206423 /* PowerDownView.sks in Resources */ = {isa = PBXBuildFile; fileRef = F175E5E22A1ACB2E00206423 /* PowerDownView.sks */; };
		F18143CD2A17DF720035E687 /* ReefslabApp.swift in Sources */ = {isa = PBXBuildFile; fileRef = F18143CC2A17DF720035E687 /* ReefslabApp.swift */; };
		F18143CF2A17DF720035E687 /* ContentView.swift in Sources */ = {isa = PBXBuildFile; fileRef = F18143CE2A17DF720035E687 /* ContentView.swift */; };
		F18143D12A17DF730035E687 /* Assets.xcassets in Resources */ = {isa = PBXBuildFile; fileRef = F18143D02A17DF730035E687 /* Assets.xcassets */; };
		F18143D42A17DF730035E687 /* Preview Assets.xcassets in Resources */ = {isa = PBXBuildFile; fileRef = F18143D32A17DF730035E687 /* Preview Assets.xcassets */; };
		F18143DE2A17DF730035E687 /* ReefslabTests.swift in Sources */ = {isa = PBXBuildFile; fileRef = F18143DD2A17DF730035E687 /* ReefslabTests.swift */; };
		F18143E82A17DF730035E687 /* ReefslabUITests.swift in Sources */ = {isa = PBXBuildFile; fileRef = F18143E72A17DF730035E687 /* ReefslabUITests.swift */; };
		F18143EA2A17DF730035E687 /* ReefslabUITestsLaunchTests.swift in Sources */ = {isa = PBXBuildFile; fileRef = F18143E92A17DF730035E687 /* ReefslabUITestsLaunchTests.swift */; };
/* End PBXBuildFile section */

/* Begin PBXContainerItemProxy section */
		F18143DA2A17DF730035E687 /* PBXContainerItemProxy */ = {
			isa = PBXContainerItemProxy;
			containerPortal = F18143C12A17DF720035E687 /* Project object */;
			proxyType = 1;
			remoteGlobalIDString = F18143C82A17DF720035E687;
			remoteInfo = Reefslab;
		};
		F18143E42A17DF730035E687 /* PBXContainerItemProxy */ = {
			isa = PBXContainerItemProxy;
			containerPortal = F18143C12A17DF720035E687 /* Project object */;
			proxyType = 1;
			remoteGlobalIDString = F18143C82A17DF720035E687;
			remoteInfo = Reefslab;
		};
/* End PBXContainerItemProxy section */

/* Begin PBXFileReference section */
		F175E5BC2A1AC93200206423 /* Brick.swift */ = {isa = PBXFileReference; lastKnownFileType = sourcecode.swift; name = Brick.swift; path = ../../../reefslab/Reefslab/Models/Brick.swift; sourceTree = "<group>"; };
		F175E5BE2A1AC96900206423 /* Paddle.swift */ = {isa = PBXFileReference; lastKnownFileType = sourcecode.swift; name = Paddle.swift; path = ../../../reefslab/Reefslab/Models/Paddle.swift; sourceTree = "<group>"; };
		F175E5C02A1AC97100206423 /* PowerUp.swift */ = {isa = PBXFileReference; lastKnownFileType = sourcecode.swift; name = PowerUp.swift; path = ../../../reefslab/Reefslab/Models/PowerUp.swift; sourceTree = "<group>"; };
		F175E5C22A1AC98600206423 /* PowerDown.swift */ = {isa = PBXFileReference; lastKnownFileType = sourcecode.swift; name = PowerDown.swift; path = ../../../reefslab/Reefslab/Models/PowerDown.swift; sourceTree = "<group>"; };
		F175E5C42A1AC99000206423 /* Game.swift */ = {isa = PBXFileReference; lastKnownFileType = sourcecode.swift; name = Game.swift; path = ../../../reefslab/Reefslab/Models/Game.swift; sourceTree = "<group>"; };
		F175E5C62A1AC99B00206423 /* Ball.swift */ = {isa = PBXFileReference; lastKnownFileType = sourcecode.swift; name = Ball.swift; path = ../../../reefslab/Reefslab/Models/Ball.swift; sourceTree = "<group>"; };
		F175E5CA2A1AC9D300206423 /* GameController.swift */ = {isa = PBXFileReference; lastKnownFileType = sourcecode.swift; name = GameController.swift; path = ../../../reefslab/Reefslab/Controllers/GameController.swift; sourceTree = "<group>"; };
		F175E5CC2A1AC9E600206423 /* MenuView.swift */ = {isa = PBXFileReference; lastKnownFileType = sourcecode.swift; name = MenuView.swift; path = ../../../reefslab/Reefslab/Views/MenuView.swift; sourceTree = "<group>"; };
		F175E5CE2A1AC9F300206423 /* SettingsView.swift */ = {isa = PBXFileReference; lastKnownFileType = sourcecode.swift; name = SettingsView.swift; path = ../../../reefslab/Reefslab/Views/SettingsView.swift; sourceTree = "<group>"; };
		F175E5D02A1ACAA700206423 /* PaddleView.sks */ = {isa = PBXFileReference; lastKnownFileType = file.sks; name = PaddleView.sks; path = ../../../reefslab/Reefslab/Views/PaddleView.sks; sourceTree = "<group>"; };
		F175E5D22A1ACAB500206423 /* PaddleView.swift */ = {isa = PBXFileReference; lastKnownFileType = sourcecode.swift; name = PaddleView.swift; path = ../../../reefslab/Reefslab/Views/PaddleView.swift; sourceTree = "<group>"; };
		F175E5D42A1ACAC400206423 /* BallView.swift */ = {isa = PBXFileReference; lastKnownFileType = sourcecode.swift; name = BallView.swift; path = ../../../reefslab/Reefslab/Views/BallView.swift; sourceTree = "<group>"; };
		F175E5D62A1ACACD00206423 /* BrickView.swift */ = {isa = PBXFileReference; lastKnownFileType = sourcecode.swift; name = BrickView.swift; path = ../../../reefslab/Reefslab/Views/BrickView.swift; sourceTree = "<group>"; };
		F175E5D82A1ACAD700206423 /* PowerUpView.swift */ = {isa = PBXFileReference; lastKnownFileType = sourcecode.swift; name = PowerUpView.swift; path = ../../../reefslab/Reefslab/Views/PowerUpView.swift; sourceTree = "<group>"; };
		F175E5DA2A1ACADF00206423 /* PowerDownView.swift */ = {isa = PBXFileReference; lastKnownFileType = sourcecode.swift; name = PowerDownView.swift; path = ../../../reefslab/Reefslab/Views/PowerDownView.swift; sourceTree = "<group>"; };
		F175E5DC2A1ACAF400206423 /* BallView.sks */ = {isa = PBXFileReference; lastKnownFileType = file.sks; name = BallView.sks; path = ../../../reefslab/Reefslab/Views/BallView.sks; sourceTree = "<group>"; };
		F175E5DE2A1ACB0800206423 /* BrickView.sks */ = {isa = PBXFileReference; lastKnownFileType = file.sks; name = BrickView.sks; path = ../../../reefslab/Reefslab/Views/BrickView.sks; sourceTree = "<group>"; };
		F175E5E02A1ACB1F00206423 /* PowerUpView.sks */ = {isa = PBXFileReference; lastKnownFileType = file.sks; name = PowerUpView.sks; path = ../../../reefslab/Reefslab/Views/PowerUpView.sks; sourceTree = "<group>"; };
		F175E5E22A1ACB2E00206423 /* PowerDownView.sks */ = {isa = PBXFileReference; lastKnownFileType = file.sks; name = PowerDownView.sks; path = ../../../reefslab/Reefslab/Views/PowerDownView.sks; sourceTree = "<group>"; };
		F18143C92A17DF720035E687 /* Reefslab.app */ = {isa = PBXFileReference; explicitFileType = wrapper.application; includeInIndex = 0; path = Reefslab.app; sourceTree = BUILT_PRODUCTS_DIR; };
		F18143CC2A17DF720035E687 /* ReefslabApp.swift */ = {isa = PBXFileReference; lastKnownFileType = sourcecode.swift; path = ReefslabApp.swift; sourceTree = "<group>"; };
		F18143CE2A17DF720035E687 /* ContentView.swift */ = {isa = PBXFileReference; lastKnownFileType = sourcecode.swift; path = ContentView.swift; sourceTree = "<group>"; };
		F18143D02A17DF730035E687 /* Assets.xcassets */ = {isa = PBXFileReference; lastKnownFileType = folder.assetcatalog; path = Assets.xcassets; sourceTree = "<group>"; };
		F18143D32A17DF730035E687 /* Preview Assets.xcassets */ = {isa = PBXFileReference; lastKnownFileType = folder.assetcatalog; path = "Preview Assets.xcassets"; sourceTree = "<group>"; };
		F18143D92A17DF730035E687 /* ReefslabTests.xctest */ = {isa = PBXFileReference; explicitFileType = wrapper.cfbundle; includeInIndex = 0; path = ReefslabTests.xctest; sourceTree = BUILT_PRODUCTS_DIR; };
		F18143DD2A17DF730035E687 /* ReefslabTests.swift */ = {isa = PBXFileReference; lastKnownFileType = sourcecode.swift; path = ReefslabTests.swift; sourceTree = "<group>"; };
		F18143E32A17DF730035E687 /* ReefslabUITests.xctest */ = {isa = PBXFileReference; explicitFileType = wrapper.cfbundle; includeInIndex = 0; path = ReefslabUITests.xctest; sourceTree = BUILT_PRODUCTS_DIR; };
		F18143E72A17DF730035E687 /* ReefslabUITests.swift */ = {isa = PBXFileReference; lastKnownFileType = sourcecode.swift; path = ReefslabUITests.swift; sourceTree = "<group>"; };
		F18143E92A17DF730035E687 /* ReefslabUITestsLaunchTests.swift */ = {isa = PBXFileReference; lastKnownFileType = sourcecode.swift; path = ReefslabUITestsLaunchTests.swift; sourceTree = "<group>"; };
/* End PBXFileReference section */

/* Begin PBXFrameworksBuildPhase section */
		F18143C62A17DF720035E687 /* Frameworks */ = {
			isa = PBXFrameworksBuildPhase;
			buildActionMask = 2147483647;
			files = (
			);
			runOnlyForDeploymentPostprocessing = 0;
		};
		F18143D62A17DF730035E687 /* Frameworks */ = {
			isa = PBXFrameworksBuildPhase;
			buildActionMask = 2147483647;
			files = (
			);
			runOnlyForDeploymentPostprocessing = 0;
		};
		F18143E02A17DF730035E687 /* Frameworks */ = {
			isa = PBXFrameworksBuildPhase;
			buildActionMask = 2147483647;
			files = (
			);
			runOnlyForDeploymentPostprocessing = 0;
		};
/* End PBXFrameworksBuildPhase section */

/* Begin PBXGroup section */
		F175E5B92A1AC8FD00206423 /* Models */ = {
			isa = PBXGroup;
			children = (
				F175E5C62A1AC99B00206423 /* Ball.swift */,
				F175E5BC2A1AC93200206423 /* Brick.swift */,
				F175E5C42A1AC99000206423 /* Game.swift */,
				F175E5BE2A1AC96900206423 /* Paddle.swift */,
				F175E5C22A1AC98600206423 /* PowerDown.swift */,
				F175E5C02A1AC97100206423 /* PowerUp.swift */,
			);
			path = Models;
			sourceTree = "<group>";
		};
		F175E5BA2A1AC90800206423 /* Views */ = {
			isa = PBXGroup;
			children = (
				F175E5CC2A1AC9E600206423 /* MenuView.swift */,
				F175E5CE2A1AC9F300206423 /* SettingsView.swift */,
				F175E5D02A1ACAA700206423 /* PaddleView.sks */,
				F175E5D22A1ACAB500206423 /* PaddleView.swift */,
				F175E5DC2A1ACAF400206423 /* BallView.sks */,
				F175E5D42A1ACAC400206423 /* BallView.swift */,
				F175E5DE2A1ACB0800206423 /* BrickView.sks */,
				F175E5D62A1ACACD00206423 /* BrickView.swift */,
				F175E5E02A1ACB1F00206423 /* PowerUpView.sks */,
				F175E5D82A1ACAD700206423 /* PowerUpView.swift */,
				F175E5E22A1ACB2E00206423 /* PowerDownView.sks */,
				F175E5DA2A1ACADF00206423 /* PowerDownView.swift */,
			);
			path = Views;
			sourceTree = "<group>";
		};
		F175E5BB2A1AC91200206423 /* Controllers */ = {
			isa = PBXGroup;
			children = (
				F175E5CA2A1AC9D300206423 /* GameController.swift */,
			);
			path = Controllers;
			sourceTree = "<group>";
		};
		F18143C02A17DF720035E687 = {
			isa = PBXGroup;
			children = (
				F18143CB2A17DF720035E687 /* Reefslab */,
				F18143DC2A17DF730035E687 /* ReefslabTests */,
				F18143E62A17DF730035E687 /* ReefslabUITests */,
				F18143CA2A17DF720035E687 /* Products */,
			);
			sourceTree = "<group>";
		};
		F18143CA2A17DF720035E687 /* Products */ = {
			isa = PBXGroup;
			children = (
				F18143C92A17DF720035E687 /* Reefslab.app */,
				F18143D92A17DF730035E687 /* ReefslabTests.xctest */,
				F18143E32A17DF730035E687 /* ReefslabUITests.xctest */,
			);
			name = Products;
			sourceTree = "<group>";
		};
		F18143CB2A17DF720035E687 /* Reefslab */ = {
			isa = PBXGroup;
			children = (
				F175E5B92A1AC8FD00206423 /* Models */,
				F175E5BA2A1AC90800206423 /* Views */,
				F175E5BB2A1AC91200206423 /* Controllers */,
				F18143CC2A17DF720035E687 /* ReefslabApp.swift */,
				F18143CE2A17DF720035E687 /* ContentView.swift */,
				F18143D02A17DF730035E687 /* Assets.xcassets */,
				F18143D22A17DF730035E687 /* Preview Content */,
			);
			path = Reefslab;
			sourceTree = "<group>";
		};
		F18143D22A17DF730035E687 /* Preview Content */ = {
			isa = PBXGroup;
			children = (
				F18143D32A17DF730035E687 /* Preview Assets.xcassets */,
			);
			path = "Preview Content";
			sourceTree = "<group>";
		};
		F18143DC2A17DF730035E687 /* ReefslabTests */ = {
			isa = PBXGroup;
			children = (
				F18143DD2A17DF730035E687 /* ReefslabTests.swift */,
			);
			path = ReefslabTests;
			sourceTree = "<group>";
		};
		F18143E62A17DF730035E687 /* ReefslabUITests */ = {
			isa = PBXGroup;
			children = (
				F18143E72A17DF730035E687 /* ReefslabUITests.swift */,
				F18143E92A17DF730035E687 /* ReefslabUITestsLaunchTests.swift */,
			);
			path = ReefslabUITests;
			sourceTree = "<group>";
		};
/* End PBXGroup section */

/* Begin PBXNativeTarget section */
		F18143C82A17DF720035E687 /* Reefslab */ = {
			isa = PBXNativeTarget;
			buildConfigurationList = F18143ED2A17DF730035E687 /* Build configuration list for PBXNativeTarget "Reefslab" */;
			buildPhases = (
				F18143C52A17DF720035E687 /* Sources */,
				F18143C62A17DF720035E687 /* Frameworks */,
				F18143C72A17DF720035E687 /* Resources */,
			);
			buildRules = (
			);
			dependencies = (
			);
			name = Reefslab;
			productName = Reefslab;
			productReference = F18143C92A17DF720035E687 /* Reefslab.app */;
			productType = "com.apple.product-type.application";
		};
		F18143D82A17DF730035E687 /* ReefslabTests */ = {
			isa = PBXNativeTarget;
			buildConfigurationList = F18143F02A17DF730035E687 /* Build configuration list for PBXNativeTarget "ReefslabTests" */;
			buildPhases = (
				F18143D52A17DF730035E687 /* Sources */,
				F18143D62A17DF730035E687 /* Frameworks */,
				F18143D72A17DF730035E687 /* Resources */,
			);
			buildRules = (
			);
			dependencies = (
				F18143DB2A17DF730035E687 /* PBXTargetDependency */,
			);
			name = ReefslabTests;
			productName = ReefslabTests;
			productReference = F18143D92A17DF730035E687 /* ReefslabTests.xctest */;
			productType = "com.apple.product-type.bundle.unit-test";
		};
		F18143E22A17DF730035E687 /* ReefslabUITests */ = {
			isa = PBXNativeTarget;
			buildConfigurationList = F18143F32A17DF730035E687 /* Build configuration list for PBXNativeTarget "ReefslabUITests" */;
			buildPhases = (
				F18143DF2A17DF730035E687 /* Sources */,
				F18143E02A17DF730035E687 /* Frameworks */,
				F18143E12A17DF730035E687 /* Resources */,
			);
			buildRules = (
			);
			dependencies = (
				F18143E52A17DF730035E687 /* PBXTargetDependency */,
			);
			name = ReefslabUITests;
			productName = ReefslabUITests;
			productReference = F18143E32A17DF730035E687 /* ReefslabUITests.xctest */;
			productType = "com.apple.product-type.bundle.ui-testing";
		};
/* End PBXNativeTarget section */

/* Begin PBXProject section */
		F18143C12A17DF720035E687 /* Project object */ = {
			isa = PBXProject;
			attributes = {
				BuildIndependentTargetsInParallel = 1;
				LastSwiftUpdateCheck = 1420;
				LastUpgradeCheck = 1420;
				TargetAttributes = {
					F18143C82A17DF720035E687 = {
						CreatedOnToolsVersion = 14.2;
					};
					F18143D82A17DF730035E687 = {
						CreatedOnToolsVersion = 14.2;
						TestTargetID = F18143C82A17DF720035E687;
					};
					F18143E22A17DF730035E687 = {
						CreatedOnToolsVersion = 14.2;
						TestTargetID = F18143C82A17DF720035E687;
					};
				};
			};
			buildConfigurationList = F18143C42A17DF720035E687 /* Build configuration list for PBXProject "Reefslab" */;
			compatibilityVersion = "Xcode 14.0";
			developmentRegion = en;
			hasScannedForEncodings = 0;
			knownRegions = (
				en,
				Base,
			);
			mainGroup = F18143C02A17DF720035E687;
			productRefGroup = F18143CA2A17DF720035E687 /* Products */;
			projectDirPath = "";
			projectRoot = "";
			targets = (
				F18143C82A17DF720035E687 /* Reefslab */,
				F18143D82A17DF730035E687 /* ReefslabTests */,
				F18143E22A17DF730035E687 /* ReefslabUITests */,
			);
		};
/* End PBXProject section */

/* Begin PBXResourcesBuildPhase section */
		F18143C72A17DF720035E687 /* Resources */ = {
			isa = PBXResourcesBuildPhase;
			buildActionMask = 2147483647;
			files = (
				F175E5D12A1ACAA700206423 /* PaddleView.sks in Resources */,
				F175E5DD2A1ACAF400206423 /* BallView.sks in Resources */,
				F18143D42A17DF730035E687 /* Preview Assets.xcassets in Resources */,
				F18143D12A17DF730035E687 /* Assets.xcassets in Resources */,
				F175E5DF2A1ACB0800206423 /* BrickView.sks in Resources */,
				F175E5E12A1ACB1F00206423 /* PowerUpView.sks in Resources */,
				F175E5E32A1ACB2E00206423 /* PowerDownView.sks in Resources */,
			);
			runOnlyForDeploymentPostprocessing = 0;
		};
		F18143D72A17DF730035E687 /* Resources */ = {
			isa = PBXResourcesBuildPhase;
			buildActionMask = 2147483647;
			files = (
			);
			runOnlyForDeploymentPostprocessing = 0;
		};
		F18143E12A17DF730035E687 /* Resources */ = {
			isa = PBXResourcesBuildPhase;
			buildActionMask = 2147483647;
			files = (
			);
			runOnlyForDeploymentPostprocessing = 0;
		};
/* End PBXResourcesBuildPhase section */

/* Begin PBXSourcesBuildPhase section */
		F18143C52A17DF720035E687 /* Sources */ = {
			isa = PBXSourcesBuildPhase;
			buildActionMask = 2147483647;
			files = (
				F175E5C72A1AC99B00206423 /* Ball.swift in Sources */,
				F175E5D52A1ACAC400206423 /* BallView.swift in Sources */,
				F175E5D72A1ACACD00206423 /* BrickView.swift in Sources */,
				F18143CF2A17DF720035E687 /* ContentView.swift in Sources */,
				F175E5BF2A1AC96900206423 /* Paddle.swift in Sources */,
				F175E5C52A1AC99000206423 /* Game.swift in Sources */,
				F175E5D32A1ACAB500206423 /* PaddleView.swift in Sources */,
				F175E5CB2A1AC9D300206423 /* GameController.swift in Sources */,
				F175E5CD2A1AC9E600206423 /* MenuView.swift in Sources */,
				F18143CD2A17DF720035E687 /* ReefslabApp.swift in Sources */,
				F175E5C32A1AC98600206423 /* PowerDown.swift in Sources */,
				F175E5C12A1AC97100206423 /* PowerUp.swift in Sources */,
				F175E5BD2A1AC93200206423 /* Brick.swift in Sources */,
				F175E5D92A1ACAD700206423 /* PowerUpView.swift in Sources */,
				F175E5DB2A1ACADF00206423 /* PowerDownView.swift in Sources */,
				F175E5CF2A1AC9F300206423 /* SettingsView.swift in Sources */,
			);
			runOnlyForDeploymentPostprocessing = 0;
		};
		F18143D52A17DF730035E687 /* Sources */ = {
			isa = PBXSourcesBuildPhase;
			buildActionMask = 2147483647;
			files = (
				F18143DE2A17DF730035E687 /* ReefslabTests.swift in Sources */,
			);
			runOnlyForDeploymentPostprocessing = 0;
		};
		F18143DF2A17DF730035E687 /* Sources */ = {
			isa = PBXSourcesBuildPhase;
			buildActionMask = 2147483647;
			files = (
				F18143EA2A17DF730035E687 /* ReefslabUITestsLaunchTests.swift in Sources */,
				F18143E82A17DF730035E687 /* ReefslabUITests.swift in Sources */,
			);
			runOnlyForDeploymentPostprocessing = 0;
		};
/* End PBXSourcesBuildPhase section */

/* Begin PBXTargetDependency section */
		F18143DB2A17DF730035E687 /* PBXTargetDependency */ = {
			isa = PBXTargetDependency;
			target = F18143C82A17DF720035E687 /* Reefslab */;
			targetProxy = F18143DA2A17DF730035E687 /* PBXContainerItemProxy */;
		};
		F18143E52A17DF730035E687 /* PBXTargetDependency */ = {
			isa = PBXTargetDependency;
			target = F18143C82A17DF720035E687 /* Reefslab */;
			targetProxy = F18143E42A17DF730035E687 /* PBXContainerItemProxy */;
		};
/* End PBXTargetDependency section */

/* Begin XCBuildConfiguration section */
		F18143EB2A17DF730035E687 /* Debug */ = {
			isa = XCBuildConfiguration;
			buildSettings = {
				ALWAYS_SEARCH_USER_PATHS = NO;
				CLANG_ANALYZER_NONNULL = YES;
				CLANG_ANALYZER_NUMBER_OBJECT_CONVERSION = YES_AGGRESSIVE;
				CLANG_CXX_LANGUAGE_STANDARD = "gnu++20";
				CLANG_ENABLE_MODULES = YES;
				CLANG_ENABLE_OBJC_ARC = YES;
				CLANG_ENABLE_OBJC_WEAK = YES;
				CLANG_WARN_BLOCK_CAPTURE_AUTORELEASING = YES;
				CLANG_WARN_BOOL_CONVERSION = YES;
				CLANG_WARN_COMMA = YES;
				CLANG_WARN_CONSTANT_CONVERSION = YES;
				CLANG_WARN_DEPRECATED_OBJC_IMPLEMENTATIONS = YES;
				CLANG_WARN_DIRECT_OBJC_ISA_USAGE = YES_ERROR;
				CLANG_WARN_DOCUMENTATION_COMMENTS = YES;
				CLANG_WARN_EMPTY_BODY = YES;
				CLANG_WARN_ENUM_CONVERSION = YES;
				CLANG_WARN_INFINITE_RECURSION = YES;
				CLANG_WARN_INT_CONVERSION = YES;
				CLANG_WARN_NON_LITERAL_NULL_CONVERSION = YES;
				CLANG_WARN_OBJC_IMPLICIT_RETAIN_SELF = YES;
				CLANG_WARN_OBJC_LITERAL_CONVERSION = YES;
				CLANG_WARN_OBJC_ROOT_CLASS = YES_ERROR;
				CLANG_WARN_QUOTED_INCLUDE_IN_FRAMEWORK_HEADER = YES;
				CLANG_WARN_RANGE_LOOP_ANALYSIS = YES;
				CLANG_WARN_STRICT_PROTOTYPES = YES;
				CLANG_WARN_SUSPICIOUS_MOVE = YES;
				CLANG_WARN_UNGUARDED_AVAILABILITY = YES_AGGRESSIVE;
				CLANG_WARN_UNREACHABLE_CODE = YES;
				CLANG_WARN__DUPLICATE_METHOD_MATCH = YES;
				COPY_PHASE_STRIP = NO;
				DEBUG_INFORMATION_FORMAT = dwarf;
				ENABLE_STRICT_OBJC_MSGSEND = YES;
				ENABLE_TESTABILITY = YES;
				GCC_C_LANGUAGE_STANDARD = gnu11;
				GCC_DYNAMIC_NO_PIC = NO;
				GCC_NO_COMMON_BLOCKS = YES;
				GCC_OPTIMIZATION_LEVEL = 0;
				GCC_PREPROCESSOR_DEFINITIONS = (
					"DEBUG=1",
					"$(inherited)",
				);
				GCC_WARN_64_TO_32_BIT_CONVERSION = YES;
				GCC_WARN_ABOUT_RETURN_TYPE = YES_ERROR;
				GCC_WARN_UNDECLARED_SELECTOR = YES;
				GCC_WARN_UNINITIALIZED_AUTOS = YES_AGGRESSIVE;
				GCC_WARN_UNUSED_FUNCTION = YES;
				GCC_WARN_UNUSED_VARIABLE = YES;
				IPHONEOS_DEPLOYMENT_TARGET = 16.2;
				MTL_ENABLE_DEBUG_INFO = INCLUDE_SOURCE;
				MTL_FAST_MATH = YES;
				ONLY_ACTIVE_ARCH = YES;
				SDKROOT = iphoneos;
				SWIFT_ACTIVE_COMPILATION_CONDITIONS = DEBUG;
				SWIFT_OPTIMIZATION_LEVEL = "-Onone";
			};
			name = Debug;
		};
		F18143EC2A17DF730035E687 /* Release */ = {
			isa = XCBuildConfiguration;
			buildSettings = {
				ALWAYS_SEARCH_USER_PATHS = NO;
				CLANG_ANALYZER_NONNULL = YES;
				CLANG_ANALYZER_NUMBER_OBJECT_CONVERSION = YES_AGGRESSIVE;
				CLANG_CXX_LANGUAGE_STANDARD = "gnu++20";
				CLANG_ENABLE_MODULES = YES;
				CLANG_ENABLE_OBJC_ARC = YES;
				CLANG_ENABLE_OBJC_WEAK = YES;
				CLANG_WARN_BLOCK_CAPTURE_AUTORELEASING = YES;
				CLANG_WARN_BOOL_CONVERSION = YES;
				CLANG_WARN_COMMA = YES;
				CLANG_WARN_CONSTANT_CONVERSION = YES;
				CLANG_WARN_DEPRECATED_OBJC_IMPLEMENTATIONS = YES;
				CLANG_WARN_DIRECT_OBJC_ISA_USAGE = YES_ERROR;
				CLANG_WARN_DOCUMENTATION_COMMENTS = YES;
				CLANG_WARN_EMPTY_BODY = YES;
				CLANG_WARN_ENUM_CONVERSION = YES;
				CLANG_WARN_INFINITE_RECURSION = YES;
				CLANG_WARN_INT_CONVERSION = YES;
				CLANG_WARN_NON_LITERAL_NULL_CONVERSION = YES;
				CLANG_WARN_OBJC_IMPLICIT_RETAIN_SELF = YES;
				CLANG_WARN_OBJC_LITERAL_CONVERSION = YES;
				CLANG_WARN_OBJC_ROOT_CLASS = YES_ERROR;
				CLANG_WARN_QUOTED_INCLUDE_IN_FRAMEWORK_HEADER = YES;
				CLANG_WARN_RANGE_LOOP_ANALYSIS = YES;
				CLANG_WARN_STRICT_PROTOTYPES = YES;
				CLANG_WARN_SUSPICIOUS_MOVE = YES;
				CLANG_WARN_UNGUARDED_AVAILABILITY = YES_AGGRESSIVE;
				CLANG_WARN_UNREACHABLE_CODE = YES;
				CLANG_WARN__DUPLICATE_METHOD_MATCH = YES;
				COPY_PHASE_STRIP = NO;
				DEBUG_INFORMATION_FORMAT = "dwarf-with-dsym";
				ENABLE_NS_ASSERTIONS = NO;
				ENABLE_STRICT_OBJC_MSGSEND = YES;
				GCC_C_LANGUAGE_STANDARD = gnu11;
				GCC_NO_COMMON_BLOCKS = YES;
				GCC_WARN_64_TO_32_BIT_CONVERSION = YES;
				GCC_WARN_ABOUT_RETURN_TYPE = YES_ERROR;
				GCC_WARN_UNDECLARED_SELECTOR = YES;
				GCC_WARN_UNINITIALIZED_AUTOS = YES_AGGRESSIVE;
				GCC_WARN_UNUSED_FUNCTION = YES;
				GCC_WARN_UNUSED_VARIABLE = YES;
				IPHONEOS_DEPLOYMENT_TARGET = 16.2;
				MTL_ENABLE_DEBUG_INFO = NO;
				MTL_FAST_MATH = YES;
				SDKROOT = iphoneos;
				SWIFT_COMPILATION_MODE = wholemodule;
				SWIFT_OPTIMIZATION_LEVEL = "-O";
				VALIDATE_PRODUCT = YES;
			};
			name = Release;
		};
		F18143EE2A17DF730035E687 /* Debug */ = {
			isa = XCBuildConfiguration;
			buildSettings = {
				ASSETCATALOG_COMPILER_APPICON_NAME = AppIcon;
				ASSETCATALOG_COMPILER_GLOBAL_ACCENT_COLOR_NAME = AccentColor;
				CODE_SIGN_STYLE = Automatic;
				CURRENT_PROJECT_VERSION = 1;
				DEVELOPMENT_ASSET_PATHS = "\"Reefslab/Preview Content\"";
				ENABLE_PREVIEWS = YES;
				GENERATE_INFOPLIST_FILE = YES;
				INFOPLIST_KEY_UIApplicationSceneManifest_Generation = YES;
				INFOPLIST_KEY_UIApplicationSupportsIndirectInputEvents = YES;
				INFOPLIST_KEY_UILaunchScreen_Generation = YES;
				INFOPLIST_KEY_UISupportedInterfaceOrientations_iPad = "UIInterfaceOrientationPortrait UIInterfaceOrientationPortraitUpsideDown UIInterfaceOrientationLandscapeLeft UIInterfaceOrientationLandscapeRight";
				INFOPLIST_KEY_UISupportedInterfaceOrientations_iPhone = "UIInterfaceOrientationPortrait UIInterfaceOrientationLandscapeLeft UIInterfaceOrientationLandscapeRight";
				LD_RUNPATH_SEARCH_PATHS = (
					"$(inherited)",
					"@executable_path/Frameworks",
				);
				MARKETING_VERSION = 1.0;
				PRODUCT_BUNDLE_IDENTIFIER = holdings.chinlock.Reefslab;
				PRODUCT_NAME = "$(TARGET_NAME)";
				SWIFT_EMIT_LOC_STRINGS = YES;
				SWIFT_VERSION = 5.0;
				TARGETED_DEVICE_FAMILY = "1,2";
			};
			name = Debug;
		};
		F18143EF2A17DF730035E687 /* Release */ = {
			isa = XCBuildConfiguration;
			buildSettings = {
				ASSETCATALOG_COMPILER_APPICON_NAME = AppIcon;
				ASSETCATALOG_COMPILER_GLOBAL_ACCENT_COLOR_NAME = AccentColor;
				CODE_SIGN_STYLE = Automatic;
				CURRENT_PROJECT_VERSION = 1;
				DEVELOPMENT_ASSET_PATHS = "\"Reefslab/Preview Content\"";
				ENABLE_PREVIEWS = YES;
				GENERATE_INFOPLIST_FILE = YES;
				INFOPLIST_KEY_UIApplicationSceneManifest_Generation = YES;
				INFOPLIST_KEY_UIApplicationSupportsIndirectInputEvents = YES;
				INFOPLIST_KEY_UILaunchScreen_Generation = YES;
				INFOPLIST_KEY_UISupportedInterfaceOrientations_iPad = "UIInterfaceOrientationPortrait UIInterfaceOrientationPortraitUpsideDown UIInterfaceOrientationLandscapeLeft UIInterfaceOrientationLandscapeRight";
				INFOPLIST_KEY_UISupportedInterfaceOrientations_iPhone = "UIInterfaceOrientationPortrait UIInterfaceOrientationLandscapeLeft UIInterfaceOrientationLandscapeRight";
				LD_RUNPATH_SEARCH_PATHS = (
					"$(inherited)",
					"@executable_path/Frameworks",
				);
				MARKETING_VERSION = 1.0;
				PRODUCT_BUNDLE_IDENTIFIER = holdings.chinlock.Reefslab;
				PRODUCT_NAME = "$(TARGET_NAME)";
				SWIFT_EMIT_LOC_STRINGS = YES;
				SWIFT_VERSION = 5.0;
				TARGETED_DEVICE_FAMILY = "1,2";
			};
			name = Release;
		};
		F18143F12A17DF730035E687 /* Debug */ = {
			isa = XCBuildConfiguration;
			buildSettings = {
				ALWAYS_EMBED_SWIFT_STANDARD_LIBRARIES = YES;
				BUNDLE_LOADER = "$(TEST_HOST)";
				CODE_SIGN_STYLE = Automatic;
				CURRENT_PROJECT_VERSION = 1;
				GENERATE_INFOPLIST_FILE = YES;
				IPHONEOS_DEPLOYMENT_TARGET = 16.2;
				MARKETING_VERSION = 1.0;
				PRODUCT_BUNDLE_IDENTIFIER = holdings.chinlock.ReefslabTests;
				PRODUCT_NAME = "$(TARGET_NAME)";
				SWIFT_EMIT_LOC_STRINGS = NO;
				SWIFT_VERSION = 5.0;
				TARGETED_DEVICE_FAMILY = "1,2";
				TEST_HOST = "$(BUILT_PRODUCTS_DIR)/Reefslab.app/$(BUNDLE_EXECUTABLE_FOLDER_PATH)/Reefslab";
			};
			name = Debug;
		};
		F18143F22A17DF730035E687 /* Release */ = {
			isa = XCBuildConfiguration;
			buildSettings = {
				ALWAYS_EMBED_SWIFT_STANDARD_LIBRARIES = YES;
				BUNDLE_LOADER = "$(TEST_HOST)";
				CODE_SIGN_STYLE = Automatic;
				CURRENT_PROJECT_VERSION = 1;
				GENERATE_INFOPLIST_FILE = YES;
				IPHONEOS_DEPLOYMENT_TARGET = 16.2;
				MARKETING_VERSION = 1.0;
				PRODUCT_BUNDLE_IDENTIFIER = holdings.chinlock.ReefslabTests;
				PRODUCT_NAME = "$(TARGET_NAME)";
				SWIFT_EMIT_LOC_STRINGS = NO;
				SWIFT_VERSION = 5.0;
				TARGETED_DEVICE_FAMILY = "1,2";
				TEST_HOST = "$(BUILT_PRODUCTS_DIR)/Reefslab.app/$(BUNDLE_EXECUTABLE_FOLDER_PATH)/Reefslab";
			};
			name = Release;
		};
		F18143F42A17DF730035E687 /* Debug */ = {
			isa = XCBuildConfiguration;
			buildSettings = {
				ALWAYS_EMBED_SWIFT_STANDARD_LIBRARIES = YES;
				CODE_SIGN_STYLE = Automatic;
				CURRENT_PROJECT_VERSION = 1;
				GENERATE_INFOPLIST_FILE = YES;
				MARKETING_VERSION = 1.0;
				PRODUCT_BUNDLE_IDENTIFIER = holdings.chinlock.ReefslabUITests;
				PRODUCT_NAME = "$(TARGET_NAME)";
				SWIFT_EMIT_LOC_STRINGS = NO;
				SWIFT_VERSION = 5.0;
				TARGETED_DEVICE_FAMILY = "1,2";
				TEST_TARGET_NAME = Reefslab;
			};
			name = Debug;
		};
		F18143F52A17DF730035E687 /* Release */ = {
			isa = XCBuildConfiguration;
			buildSettings = {
				ALWAYS_EMBED_SWIFT_STANDARD_LIBRARIES = YES;
				CODE_SIGN_STYLE = Automatic;
				CURRENT_PROJECT_VERSION = 1;
				GENERATE_INFOPLIST_FILE = YES;
				MARKETING_VERSION = 1.0;
				PRODUCT_BUNDLE_IDENTIFIER = holdings.chinlock.ReefslabUITests;
				PRODUCT_NAME = "$(TARGET_NAME)";
				SWIFT_EMIT_LOC_STRINGS = NO;
				SWIFT_VERSION = 5.0;
				TARGETED_DEVICE_FAMILY = "1,2";
				TEST_TARGET_NAME = Reefslab;
			};
			name = Release;
		};
/* End XCBuildConfiguration section */

/* Begin XCConfigurationList section */
		F18143C42A17DF720035E687 /* Build configuration list for PBXProject "Reefslab" */ = {
			isa = XCConfigurationList;
			buildConfigurations = (
				F18143EB2A17DF730035E687 /* Debug */,
				F18143EC2A17DF730035E687 /* Release */,
			);
			defaultConfigurationIsVisible = 0;
			defaultConfigurationName = Release;
		};
		F18143ED2A17DF730035E687 /* Build configuration list for PBXNativeTarget "Reefslab" */ = {
			isa = XCConfigurationList;
			buildConfigurations = (
				F18143EE2A17DF730035E687 /* Debug */,
				F18143EF2A17DF730035E687 /* Release */,
			);
			defaultConfigurationIsVisible = 0;
			defaultConfigurationName = Release;
		};
		F18143F02A17DF730035E687 /* Build configuration list for PBXNativeTarget "ReefslabTests" */ = {
			isa = XCConfigurationList;
			buildConfigurations = (
				F18143F12A17DF730035E687 /* Debug */,
				F18143F22A17DF730035E687 /* Release */,
			);
			defaultConfigurationIsVisible = 0;
			defaultConfigurationName = Release;
		};
		F18143F32A17DF730035E687 /* Build configuration list for PBXNativeTarget "ReefslabUITests" */ = {
			isa = XCConfigurationList;
			buildConfigurations = (
				F18143F42A17DF730035E687 /* Debug */,
				F18143F52A17DF730035E687 /* Release */,
			);
			defaultConfigurationIsVisible = 0;
			defaultConfigurationName = Release;
		};
/* End XCConfigurationList section */
	};
	rootObject = F18143C12A17DF720035E687 /* Project object */;
}
